# THIS IS AN AUTOGENERATED FILE. DO NOT EDIT THIS FILE DIRECTLY.
# yarn lockfile v1


"@lirx/async-task@latest":
  version "1.2.0-dev.1686055436778"
  resolved "http://localhost:4873/@lirx/async-task/-/async-task-1.2.0-dev.1686055436778.tgz#22521a161592a59c7395dae80328b961769e3aad"
  integrity sha512-9wynqYaqaDAIz5yiU15BIqLqrWDlLW/Anioxt6sn9rwVcAFsMD/FvWBHS901Ak5Bqxk70dBVwC/J7W/AoXZEPA==

"@lirx/utils@latest":
  version "1.1.2-dev.1686304120136"
  resolved "http://localhost:4873/@lirx/utils/-/utils-1.1.2-dev.1686304120136.tgz#1caedcd83f0c1d38227299ca70b7ba10b78446db"
  integrity sha512-E99tSMtz4isVjkYL3tvhpCI/L77AbLZe9qV07sbvJ2d5bZfS+aZVCL+pZAIMyzXGNGdfCPt8HgKTDb0CadPtBA==
